
Microsoft Visual Studio Solution File, Format Version 12.00
# Visual Studio Version 17
VisualStudioVersion = 17.5.33414.496
MinimumVisualStudioVersion = 10.0.40219.1
Project("{FAE04EC0-301F-11D3-BF4B-00C04F79EFBC}") = "ICE Task Reece", "ICE Task Reece\ICE Task Reece.csproj", "{AF2150B3-23BC-4ACD-A910-AE230476FB1B}"
EndProject
Global
	GlobalSection(SolutionConfigurationPlatforms) = preSolution
		Debug|Any CPU = Debug|Any CPU
		Release|Any CPU = Release|Any CPU
	EndGlobalSection
	GlobalSection(ProjectConfigurationPlatforms) = postSolution
		{AF2150B3-23BC-4ACD-A910-AE230476FB1B}.Debug|Any CPU.ActiveCfg = Debug|Any CPU
		{AF2150B3-23BC-4ACD-A910-AE230476FB1B}.Debug|Any CPU.Build.0 = Debug|Any CPU
		{AF2150B3-23BC-4ACD-A910-AE230476FB1B}.Release|Any CPU.ActiveCfg = Release|Any CPU
		{AF2150B3-23BC-4ACD-A910-AE230476FB1B}.Release|Any CPU.Build.0 = Release|Any CPU
	EndGlobalSection
	GlobalSection(SolutionProperties) = preSolution
		HideSolutionNode = FALSE
	EndGlobalSection
	GlobalSection(ExtensibilityGlobals) = postSolution
		SolutionGuid = {B84DC48C-E5B7-40B5-A005-B7F32EE23CE6}
	EndGlobalSection
EndGlobal
